
Microsoft Visual Studio Solution File, Format Version 12.00
# Visual Studio Version 16
VisualStudioVersion = 16.0.31321.278
MinimumVisualStudioVersion = 10.0.40219.1
Project("{2150E333-8FDC-42A3-9474-1A3956D46DE8}") = "src", "src", "{B6578BFF-2A03-4B17-85EB-5480075FB7D4}"
EndProject
Project("{2150E333-8FDC-42A3-9474-1A3956D46DE8}") = "Services", "Services", "{E2F614FD-9995-4085-A40A-DEA659112DC1}"
EndProject
Project("{2150E333-8FDC-42A3-9474-1A3956D46DE8}") = "Business Services", "Business Services", "{487B6C58-C0D6-47B2-B120-E4965C652E3D}"
EndProject
Project("{2150E333-8FDC-42A3-9474-1A3956D46DE8}") = "Booking", "Booking", "{19621378-FBE5-4681-95A4-0863CEB01F1D}"
EndProject
Project("{9A19103F-16F7-4668-BE54-9A1E7A4F7556}") = "Booking.API", "src\Services\Business Services\Booking\Booking.API\Booking.API.csproj", "{B5A22B70-048C-456A-9203-2FAB6EEB8A71}"
EndProject
Project("{2150E333-8FDC-42A3-9474-1A3956D46DE8}") = "Payment", "Payment", "{CC66BA51-17F2-4938-87FE-0CF877FADD91}"
EndProject
Project("{9A19103F-16F7-4668-BE54-9A1E7A4F7556}") = "Payment.API", "src\Services\Business Services\Payment\Payment.API\Payment.API.csproj", "{E8936278-7CF5-44ED-8776-7F25ACB0AEAC}"
EndProject
Project("{2150E333-8FDC-42A3-9474-1A3956D46DE8}") = "Technical Services", "Technical Services", "{AC45511E-ECE2-4B0F-B858-F523BF11B557}"
EndProject
Project("{2150E333-8FDC-42A3-9474-1A3956D46DE8}") = "Shipping", "Shipping", "{009C14E1-73C4-4E16-931A-770F8DE00616}"
EndProject
Project("{2150E333-8FDC-42A3-9474-1A3956D46DE8}") = "Tracking", "Tracking", "{AC27746E-4575-420A-BF7A-99842FFF3859}"
EndProject
Project("{9A19103F-16F7-4668-BE54-9A1E7A4F7556}") = "Shipping.API", "src\Services\Business Services\Shipping\Shipping.API\Shipping.API.csproj", "{9AD4F1CB-6656-42F2-95D8-87E6788C3684}"
EndProject
Project("{9A19103F-16F7-4668-BE54-9A1E7A4F7556}") = "Tracking.API", "src\Services\Business Services\Tracking\Tracking.API\Tracking.API.csproj", "{365F6A05-AF3C-4942-AA46-8EAAF042D25A}"
EndProject
Project("{9A19103F-16F7-4668-BE54-9A1E7A4F7556}") = "Booking.Domain", "src\Services\Business Services\Booking\Booking.Domain\Booking.Domain.csproj", "{67E93C37-A32C-4D7A-B31A-4915BD2AE734}"
EndProject
Project("{9A19103F-16F7-4668-BE54-9A1E7A4F7556}") = "Booking.Infrastructure", "src\Services\Business Services\Booking\Booking.Infrastructure\Booking.Infrastructure.csproj", "{47810AFA-795F-40CC-8F03-4E5F708B2D7C}"
EndProject
Project("{9A19103F-16F7-4668-BE54-9A1E7A4F7556}") = "Payment.Infrastructure", "src\Services\Business Services\Payment\Payment.Infrastructure\Payment.Infrastructure.csproj", "{E341B218-B71D-4964-A446-67A9068A2E12}"
EndProject
Project("{9A19103F-16F7-4668-BE54-9A1E7A4F7556}") = "Payment.Domain", "src\Services\Business Services\Payment\Payment.Domain\Payment.Domain.csproj", "{19A8CF98-E576-4DA6-A261-1EB015F4C962}"
EndProject
Project("{9A19103F-16F7-4668-BE54-9A1E7A4F7556}") = "Shipping.Infrastructure", "src\Services\Business Services\Shipping\Shipping.Infrastructure\Shipping.Infrastructure.csproj", "{7F3B7BA6-305B-468E-A6DE-D6463E3801E3}"
EndProject
Project("{9A19103F-16F7-4668-BE54-9A1E7A4F7556}") = "Shipping.Domain", "src\Services\Business Services\Shipping\Shipping.Domain\Shipping.Domain.csproj", "{EED47977-1EEF-4BCA-A21F-FA4231933E49}"
EndProject
Project("{9A19103F-16F7-4668-BE54-9A1E7A4F7556}") = "Tracking.Infrastructure", "src\Services\Business Services\Tracking\Tracking.Infrastructure\Tracking.Infrastructure.csproj", "{136B0CFA-A2B9-4D02-A0CF-CE1E15409B01}"
EndProject
Project("{9A19103F-16F7-4668-BE54-9A1E7A4F7556}") = "Tracking.Domain", "src\Services\Business Services\Tracking\Tracking.Domain\Tracking.Domain.csproj", "{35A8D0C2-F8AA-476A-887F-3CAEC74DB4CC}"
EndProject
Project("{2150E333-8FDC-42A3-9474-1A3956D46DE8}") = "ApiGateways", "ApiGateways", "{767ECB1B-E801-4B10-B0B3-061141C543A9}"
EndProject
Project("{2150E333-8FDC-42A3-9474-1A3956D46DE8}") = "EventBusService", "EventBusService", "{7033EDA7-719A-4948-BA58-3537706B5ABC}"
EndProject
Project("{9A19103F-16F7-4668-BE54-9A1E7A4F7556}") = "Logging.API", "src\Services\Technical Services\Logging.API\Logging.API.csproj", "{CC381407-81A4-45B4-A6BD-8713BEC375B7}"
EndProject
Project("{2150E333-8FDC-42A3-9474-1A3956D46DE8}") = "EventBus", "EventBus", "{A34E34D7-8B9A-4613-BB0C-667D24E0F093}"
EndProject
Project("{2150E333-8FDC-42A3-9474-1A3956D46DE8}") = "Abstractions", "Abstractions", "{456E7FAB-9B9B-4660-9171-FDB47CA439DF}"
	ProjectSection(SolutionItems) = preProject
		src\EventBusService\EventBus\Abstractions\IEventBus.cs = src\EventBusService\EventBus\Abstractions\IEventBus.cs
	EndProjectSection
EndProject
Project("{2150E333-8FDC-42A3-9474-1A3956D46DE8}") = "Events", "Events", "{BBF8B58A-11D0-48A0-A61E-0AB43ABF3251}"
	ProjectSection(SolutionItems) = preProject
		src\EventBusService\EventBus\Events\IntegrationEvent.cs = src\EventBusService\EventBus\Events\IntegrationEvent.cs
	EndProjectSection
EndProject
Global
	GlobalSection(SolutionConfigurationPlatforms) = preSolution
		Debug|Any CPU = Debug|Any CPU
		Release|Any CPU = Release|Any CPU
	EndGlobalSection
	GlobalSection(ProjectConfigurationPlatforms) = postSolution
		{B5A22B70-048C-456A-9203-2FAB6EEB8A71}.Debug|Any CPU.ActiveCfg = Debug|Any CPU
		{B5A22B70-048C-456A-9203-2FAB6EEB8A71}.Debug|Any CPU.Build.0 = Debug|Any CPU
		{B5A22B70-048C-456A-9203-2FAB6EEB8A71}.Release|Any CPU.ActiveCfg = Release|Any CPU
		{B5A22B70-048C-456A-9203-2FAB6EEB8A71}.Release|Any CPU.Build.0 = Release|Any CPU
		{E8936278-7CF5-44ED-8776-7F25ACB0AEAC}.Debug|Any CPU.ActiveCfg = Debug|Any CPU
		{E8936278-7CF5-44ED-8776-7F25ACB0AEAC}.Debug|Any CPU.Build.0 = Debug|Any CPU
		{E8936278-7CF5-44ED-8776-7F25ACB0AEAC}.Release|Any CPU.ActiveCfg = Release|Any CPU
		{E8936278-7CF5-44ED-8776-7F25ACB0AEAC}.Release|Any CPU.Build.0 = Release|Any CPU
		{9AD4F1CB-6656-42F2-95D8-87E6788C3684}.Debug|Any CPU.ActiveCfg = Debug|Any CPU
		{9AD4F1CB-6656-42F2-95D8-87E6788C3684}.Debug|Any CPU.Build.0 = Debug|Any CPU
		{9AD4F1CB-6656-42F2-95D8-87E6788C3684}.Release|Any CPU.ActiveCfg = Release|Any CPU
		{9AD4F1CB-6656-42F2-95D8-87E6788C3684}.Release|Any CPU.Build.0 = Release|Any CPU
		{365F6A05-AF3C-4942-AA46-8EAAF042D25A}.Debug|Any CPU.ActiveCfg = Debug|Any CPU
		{365F6A05-AF3C-4942-AA46-8EAAF042D25A}.Debug|Any CPU.Build.0 = Debug|Any CPU
		{365F6A05-AF3C-4942-AA46-8EAAF042D25A}.Release|Any CPU.ActiveCfg = Release|Any CPU
		{365F6A05-AF3C-4942-AA46-8EAAF042D25A}.Release|Any CPU.Build.0 = Release|Any CPU
		{67E93C37-A32C-4D7A-B31A-4915BD2AE734}.Debug|Any CPU.ActiveCfg = Debug|Any CPU
		{67E93C37-A32C-4D7A-B31A-4915BD2AE734}.Debug|Any CPU.Build.0 = Debug|Any CPU
		{67E93C37-A32C-4D7A-B31A-4915BD2AE734}.Release|Any CPU.ActiveCfg = Release|Any CPU
		{67E93C37-A32C-4D7A-B31A-4915BD2AE734}.Release|Any CPU.Build.0 = Release|Any CPU
		{47810AFA-795F-40CC-8F03-4E5F708B2D7C}.Debug|Any CPU.ActiveCfg = Debug|Any CPU
		{47810AFA-795F-40CC-8F03-4E5F708B2D7C}.Debug|Any CPU.Build.0 = Debug|Any CPU
		{47810AFA-795F-40CC-8F03-4E5F708B2D7C}.Release|Any CPU.ActiveCfg = Release|Any CPU
		{47810AFA-795F-40CC-8F03-4E5F708B2D7C}.Release|Any CPU.Build.0 = Release|Any CPU
		{E341B218-B71D-4964-A446-67A9068A2E12}.Debug|Any CPU.ActiveCfg = Debug|Any CPU
		{E341B218-B71D-4964-A446-67A9068A2E12}.Debug|Any CPU.Build.0 = Debug|Any CPU
		{E341B218-B71D-4964-A446-67A9068A2E12}.Release|Any CPU.ActiveCfg = Release|Any CPU
		{E341B218-B71D-4964-A446-67A9068A2E12}.Release|Any CPU.Build.0 = Release|Any CPU
		{19A8CF98-E576-4DA6-A261-1EB015F4C962}.Debug|Any CPU.ActiveCfg = Debug|Any CPU
		{19A8CF98-E576-4DA6-A261-1EB015F4C962}.Debug|Any CPU.Build.0 = Debug|Any CPU
		{19A8CF98-E576-4DA6-A261-1EB015F4C962}.Release|Any CPU.ActiveCfg = Release|Any CPU
		{19A8CF98-E576-4DA6-A261-1EB015F4C962}.Release|Any CPU.Build.0 = Release|Any CPU
		{7F3B7BA6-305B-468E-A6DE-D6463E3801E3}.Debug|Any CPU.ActiveCfg = Debug|Any CPU
		{7F3B7BA6-305B-468E-A6DE-D6463E3801E3}.Debug|Any CPU.Build.0 = Debug|Any CPU
		{7F3B7BA6-305B-468E-A6DE-D6463E3801E3}.Release|Any CPU.ActiveCfg = Release|Any CPU
		{7F3B7BA6-305B-468E-A6DE-D6463E3801E3}.Release|Any CPU.Build.0 = Release|Any CPU
		{EED47977-1EEF-4BCA-A21F-FA4231933E49}.Debug|Any CPU.ActiveCfg = Debug|Any CPU
		{EED47977-1EEF-4BCA-A21F-FA4231933E49}.Debug|Any CPU.Build.0 = Debug|Any CPU
		{EED47977-1EEF-4BCA-A21F-FA4231933E49}.Release|Any CPU.ActiveCfg = Release|Any CPU
		{EED47977-1EEF-4BCA-A21F-FA4231933E49}.Release|Any CPU.Build.0 = Release|Any CPU
		{136B0CFA-A2B9-4D02-A0CF-CE1E15409B01}.Debug|Any CPU.ActiveCfg = Debug|Any CPU
		{136B0CFA-A2B9-4D02-A0CF-CE1E15409B01}.Debug|Any CPU.Build.0 = Debug|Any CPU
		{136B0CFA-A2B9-4D02-A0CF-CE1E15409B01}.Release|Any CPU.ActiveCfg = Release|Any CPU
		{136B0CFA-A2B9-4D02-A0CF-CE1E15409B01}.Release|Any CPU.Build.0 = Release|Any CPU
		{35A8D0C2-F8AA-476A-887F-3CAEC74DB4CC}.Debug|Any CPU.ActiveCfg = Debug|Any CPU
		{35A8D0C2-F8AA-476A-887F-3CAEC74DB4CC}.Debug|Any CPU.Build.0 = Debug|Any CPU
		{35A8D0C2-F8AA-476A-887F-3CAEC74DB4CC}.Release|Any CPU.ActiveCfg = Release|Any CPU
		{35A8D0C2-F8AA-476A-887F-3CAEC74DB4CC}.Release|Any CPU.Build.0 = Release|Any CPU
		{CC381407-81A4-45B4-A6BD-8713BEC375B7}.Debug|Any CPU.ActiveCfg = Debug|Any CPU
		{CC381407-81A4-45B4-A6BD-8713BEC375B7}.Debug|Any CPU.Build.0 = Debug|Any CPU
		{CC381407-81A4-45B4-A6BD-8713BEC375B7}.Release|Any CPU.ActiveCfg = Release|Any CPU
		{CC381407-81A4-45B4-A6BD-8713BEC375B7}.Release|Any CPU.Build.0 = Release|Any CPU
	EndGlobalSection
	GlobalSection(SolutionProperties) = preSolution
		HideSolutionNode = FALSE
	EndGlobalSection
	GlobalSection(NestedProjects) = preSolution
		{E2F614FD-9995-4085-A40A-DEA659112DC1} = {B6578BFF-2A03-4B17-85EB-5480075FB7D4}
		{487B6C58-C0D6-47B2-B120-E4965C652E3D} = {E2F614FD-9995-4085-A40A-DEA659112DC1}
		{19621378-FBE5-4681-95A4-0863CEB01F1D} = {487B6C58-C0D6-47B2-B120-E4965C652E3D}
		{B5A22B70-048C-456A-9203-2FAB6EEB8A71} = {19621378-FBE5-4681-95A4-0863CEB01F1D}
		{CC66BA51-17F2-4938-87FE-0CF877FADD91} = {487B6C58-C0D6-47B2-B120-E4965C652E3D}
		{E8936278-7CF5-44ED-8776-7F25ACB0AEAC} = {CC66BA51-17F2-4938-87FE-0CF877FADD91}
		{AC45511E-ECE2-4B0F-B858-F523BF11B557} = {E2F614FD-9995-4085-A40A-DEA659112DC1}
		{009C14E1-73C4-4E16-931A-770F8DE00616} = {487B6C58-C0D6-47B2-B120-E4965C652E3D}
		{AC27746E-4575-420A-BF7A-99842FFF3859} = {487B6C58-C0D6-47B2-B120-E4965C652E3D}
		{9AD4F1CB-6656-42F2-95D8-87E6788C3684} = {009C14E1-73C4-4E16-931A-770F8DE00616}
		{365F6A05-AF3C-4942-AA46-8EAAF042D25A} = {AC27746E-4575-420A-BF7A-99842FFF3859}
		{67E93C37-A32C-4D7A-B31A-4915BD2AE734} = {19621378-FBE5-4681-95A4-0863CEB01F1D}
		{47810AFA-795F-40CC-8F03-4E5F708B2D7C} = {19621378-FBE5-4681-95A4-0863CEB01F1D}
		{E341B218-B71D-4964-A446-67A9068A2E12} = {CC66BA51-17F2-4938-87FE-0CF877FADD91}
		{19A8CF98-E576-4DA6-A261-1EB015F4C962} = {CC66BA51-17F2-4938-87FE-0CF877FADD91}
		{7F3B7BA6-305B-468E-A6DE-D6463E3801E3} = {009C14E1-73C4-4E16-931A-770F8DE00616}
		{EED47977-1EEF-4BCA-A21F-FA4231933E49} = {009C14E1-73C4-4E16-931A-770F8DE00616}
		{136B0CFA-A2B9-4D02-A0CF-CE1E15409B01} = {AC27746E-4575-420A-BF7A-99842FFF3859}
		{35A8D0C2-F8AA-476A-887F-3CAEC74DB4CC} = {AC27746E-4575-420A-BF7A-99842FFF3859}
		{767ECB1B-E801-4B10-B0B3-061141C543A9} = {B6578BFF-2A03-4B17-85EB-5480075FB7D4}
		{7033EDA7-719A-4948-BA58-3537706B5ABC} = {B6578BFF-2A03-4B17-85EB-5480075FB7D4}
		{CC381407-81A4-45B4-A6BD-8713BEC375B7} = {AC45511E-ECE2-4B0F-B858-F523BF11B557}
		{A34E34D7-8B9A-4613-BB0C-667D24E0F093} = {7033EDA7-719A-4948-BA58-3537706B5ABC}
		{456E7FAB-9B9B-4660-9171-FDB47CA439DF} = {A34E34D7-8B9A-4613-BB0C-667D24E0F093}
		{BBF8B58A-11D0-48A0-A61E-0AB43ABF3251} = {A34E34D7-8B9A-4613-BB0C-667D24E0F093}
	EndGlobalSection
	GlobalSection(ExtensibilityGlobals) = postSolution
		SolutionGuid = {3CEC9C62-FFC4-489B-BA77-4DABC8090F72}
	EndGlobalSection
EndGlobal
